// !$*UTF8*$!
{
	archiveVersion = 1;
	classes = {
	};
	objectVersion = 56;
	objects = {

/* Begin PBXBuildFile section */
		04983EC12A3FB7F300E1F5EB /* ExplorerApp.swift in Sources */ = {isa = PBXBuildFile; fileRef = 04983EC02A3FB7F300E1F5EB /* ExplorerApp.swift */; };
		04983EC32A3FB7F300E1F5EB /* Item.swift in Sources */ = {isa = PBXBuildFile; fileRef = 04983EC22A3FB7F300E1F5EB /* Item.swift */; };
		04983EC52A3FB7F300E1F5EB /* ContentView.swift in Sources */ = {isa = PBXBuildFile; fileRef = 04983EC42A3FB7F300E1F5EB /* ContentView.swift */; };
		04983EC72A3FB7F500E1F5EB /* Assets.xcassets in Resources */ = {isa = PBXBuildFile; fileRef = 04983EC62A3FB7F500E1F5EB /* Assets.xcassets */; };
		04983ECB2A3FB7F500E1F5EB /* Preview Assets.xcassets in Resources */ = {isa = PBXBuildFile; fileRef = 04983ECA2A3FB7F500E1F5EB /* Preview Assets.xcassets */; };
		04983ED52A3FB7F500E1F5EB /* ExplorerTests.swift in Sources */ = {isa = PBXBuildFile; fileRef = 04983ED42A3FB7F500E1F5EB /* ExplorerTests.swift */; };
		04983EDF2A3FB7F500E1F5EB /* ExplorerUITests.swift in Sources */ = {isa = PBXBuildFile; fileRef = 04983EDE2A3FB7F500E1F5EB /* ExplorerUITests.swift */; };
		04983EE12A3FB7F500E1F5EB /* ExplorerUITestsLaunchTests.swift in Sources */ = {isa = PBXBuildFile; fileRef = 04983EE02A3FB7F500E1F5EB /* ExplorerUITestsLaunchTests.swift */; };
		04983EEF2A3FCEA200E1F5EB /* LocationListView.swift in Sources */ = {isa = PBXBuildFile; fileRef = 04983EEE2A3FCEA200E1F5EB /* LocationListView.swift */; };
		049FD4792A40EA8700C9AF4F /* MapView.swift in Sources */ = {isa = PBXBuildFile; fileRef = 049FD4782A40EA8700C9AF4F /* MapView.swift */; };
/* End PBXBuildFile section */

/* Begin PBXContainerItemProxy section */
		04983ED12A3FB7F500E1F5EB /* PBXContainerItemProxy */ = {
			isa = PBXContainerItemProxy;
			containerPortal = 04983EB52A3FB7F300E1F5EB /* Project object */;
			proxyType = 1;
			remoteGlobalIDString = 04983EBC2A3FB7F300E1F5EB;
			remoteInfo = Explorer;
		};
		04983EDB2A3FB7F500E1F5EB /* PBXContainerItemProxy */ = {
			isa = PBXContainerItemProxy;
			containerPortal = 04983EB52A3FB7F300E1F5EB /* Project object */;
			proxyType = 1;
			remoteGlobalIDString = 04983EBC2A3FB7F300E1F5EB;
			remoteInfo = Explorer;
		};
/* End PBXContainerItemProxy section */

/* Begin PBXFileReference section */
		04983EBD2A3FB7F300E1F5EB /* Explorer.app */ = {isa = PBXFileReference; explicitFileType = wrapper.application; includeInIndex = 0; path = Explorer.app; sourceTree = BUILT_PRODUCTS_DIR; };
		04983EC02A3FB7F300E1F5EB /* ExplorerApp.swift */ = {isa = PBXFileReference; lastKnownFileType = sourcecode.swift; path = ExplorerApp.swift; sourceTree = "<group>"; };
		04983EC22A3FB7F300E1F5EB /* Item.swift */ = {isa = PBXFileReference; lastKnownFileType = sourcecode.swift; path = Item.swift; sourceTree = "<group>"; };
		04983EC42A3FB7F300E1F5EB /* ContentView.swift */ = {isa = PBXFileReference; lastKnownFileType = sourcecode.swift; path = ContentView.swift; sourceTree = "<group>"; };
		04983EC62A3FB7F500E1F5EB /* Assets.xcassets */ = {isa = PBXFileReference; lastKnownFileType = folder.assetcatalog; path = Assets.xcassets; sourceTree = "<group>"; };
		04983EC82A3FB7F500E1F5EB /* Explorer.entitlements */ = {isa = PBXFileReference; lastKnownFileType = text.plist.entitlements; path = Explorer.entitlements; sourceTree = "<group>"; };
		04983ECA2A3FB7F500E1F5EB /* Preview Assets.xcassets */ = {isa = PBXFileReference; lastKnownFileType = folder.assetcatalog; path = "Preview Assets.xcassets"; sourceTree = "<group>"; };
		04983ED02A3FB7F500E1F5EB /* ExplorerTests.xctest */ = {isa = PBXFileReference; explicitFileType = wrapper.cfbundle; includeInIndex = 0; path = ExplorerTests.xctest; sourceTree = BUILT_PRODUCTS_DIR; };
		04983ED42A3FB7F500E1F5EB /* ExplorerTests.swift */ = {isa = PBXFileReference; lastKnownFileType = sourcecode.swift; path = ExplorerTests.swift; sourceTree = "<group>"; };
		04983EDA2A3FB7F500E1F5EB /* ExplorerUITests.xctest */ = {isa = PBXFileReference; explicitFileType = wrapper.cfbundle; includeInIndex = 0; path = ExplorerUITests.xctest; sourceTree = BUILT_PRODUCTS_DIR; };
		04983EDE2A3FB7F500E1F5EB /* ExplorerUITests.swift */ = {isa = PBXFileReference; lastKnownFileType = sourcecode.swift; path = ExplorerUITests.swift; sourceTree = "<group>"; };
		04983EE02A3FB7F500E1F5EB /* ExplorerUITestsLaunchTests.swift */ = {isa = PBXFileReference; lastKnownFileType = sourcecode.swift; path = ExplorerUITestsLaunchTests.swift; sourceTree = "<group>"; };
		04983EED2A3FCD0400E1F5EB /* Info.plist */ = {isa = PBXFileReference; lastKnownFileType = text.plist; path = Info.plist; sourceTree = "<group>"; };
		04983EEE2A3FCEA200E1F5EB /* LocationListView.swift */ = {isa = PBXFileReference; lastKnownFileType = sourcecode.swift; path = LocationListView.swift; sourceTree = "<group>"; };
		049FD4782A40EA8700C9AF4F /* MapView.swift */ = {isa = PBXFileReference; lastKnownFileType = sourcecode.swift; path = MapView.swift; sourceTree = "<group>"; };
/* End PBXFileReference section */

/* Begin PBXFrameworksBuildPhase section */
		04983EBA2A3FB7F300E1F5EB /* Frameworks */ = {
			isa = PBXFrameworksBuildPhase;
			buildActionMask = 2147483647;
			files = (
			);
			runOnlyForDeploymentPostprocessing = 0;
		};
		04983ECD2A3FB7F500E1F5EB /* Frameworks */ = {
			isa = PBXFrameworksBuildPhase;
			buildActionMask = 2147483647;
			files = (
			);
			runOnlyForDeploymentPostprocessing = 0;
		};
		04983ED72A3FB7F500E1F5EB /* Frameworks */ = {
			isa = PBXFrameworksBuildPhase;
			buildActionMask = 2147483647;
			files = (
			);
			runOnlyForDeploymentPostprocessing = 0;
		};
/* End PBXFrameworksBuildPhase section */

/* Begin PBXGroup section */
		04983EB42A3FB7F300E1F5EB = {
			isa = PBXGroup;
			children = (
				04983EBF2A3FB7F300E1F5EB /* Explorer */,
				04983ED32A3FB7F500E1F5EB /* ExplorerTests */,
				04983EDD2A3FB7F500E1F5EB /* ExplorerUITests */,
				04983EBE2A3FB7F300E1F5EB /* Products */,
			);
			sourceTree = "<group>";
		};
		04983EBE2A3FB7F300E1F5EB /* Products */ = {
			isa = PBXGroup;
			children = (
				04983EBD2A3FB7F300E1F5EB /* Explorer.app */,
				04983ED02A3FB7F500E1F5EB /* ExplorerTests.xctest */,
				04983EDA2A3FB7F500E1F5EB /* ExplorerUITests.xctest */,
			);
			name = Products;
			sourceTree = "<group>";
		};
		04983EBF2A3FB7F300E1F5EB /* Explorer */ = {
			isa = PBXGroup;
			children = (
				04983EED2A3FCD0400E1F5EB /* Info.plist */,
				04983EC02A3FB7F300E1F5EB /* ExplorerApp.swift */,
				04983EC22A3FB7F300E1F5EB /* Item.swift */,
				04983EC42A3FB7F300E1F5EB /* ContentView.swift */,
				04983EC62A3FB7F500E1F5EB /* Assets.xcassets */,
				04983EC82A3FB7F500E1F5EB /* Explorer.entitlements */,
				04983EC92A3FB7F500E1F5EB /* Preview Content */,
				04983EEE2A3FCEA200E1F5EB /* LocationListView.swift */,
				049FD4782A40EA8700C9AF4F /* MapView.swift */,
			);
			path = Explorer;
			sourceTree = "<group>";
		};
		04983EC92A3FB7F500E1F5EB /* Preview Content */ = {
			isa = PBXGroup;
			children = (
				04983ECA2A3FB7F500E1F5EB /* Preview Assets.xcassets */,
			);
			path = "Preview Content";
			sourceTree = "<group>";
		};
		04983ED32A3FB7F500E1F5EB /* ExplorerTests */ = {
			isa = PBXGroup;
			children = (
				04983ED42A3FB7F500E1F5EB /* ExplorerTests.swift */,
			);
			path = ExplorerTests;
			sourceTree = "<group>";
		};
		04983EDD2A3FB7F500E1F5EB /* ExplorerUITests */ = {
			isa = PBXGroup;
			children = (
				04983EDE2A3FB7F500E1F5EB /* ExplorerUITests.swift */,
				04983EE02A3FB7F500E1F5EB /* ExplorerUITestsLaunchTests.swift */,
			);
			path = ExplorerUITests;
			sourceTree = "<group>";
		};
/* End PBXGroup section */

/* Begin PBXNativeTarget section */
		04983EBC2A3FB7F300E1F5EB /* Explorer */ = {
			isa = PBXNativeTarget;
			buildConfigurationList = 04983EE42A3FB7F500E1F5EB /* Build configuration list for PBXNativeTarget "Explorer" */;
			buildPhases = (
				04983EB92A3FB7F300E1F5EB /* Sources */,
				04983EBA2A3FB7F300E1F5EB /* Frameworks */,
				04983EBB2A3FB7F300E1F5EB /* Resources */,
			);
			buildRules = (
			);
			dependencies = (
			);
			name = Explorer;
			productName = Explorer;
			productReference = 04983EBD2A3FB7F300E1F5EB /* Explorer.app */;
			productType = "com.apple.product-type.application";
		};
		04983ECF2A3FB7F500E1F5EB /* ExplorerTests */ = {
			isa = PBXNativeTarget;
			buildConfigurationList = 04983EE72A3FB7F500E1F5EB /* Build configuration list for PBXNativeTarget "ExplorerTests" */;
			buildPhases = (
				04983ECC2A3FB7F500E1F5EB /* Sources */,
				04983ECD2A3FB7F500E1F5EB /* Frameworks */,
				04983ECE2A3FB7F500E1F5EB /* Resources */,
			);
			buildRules = (
			);
			dependencies = (
				04983ED22A3FB7F500E1F5EB /* PBXTargetDependency */,
			);
			name = ExplorerTests;
			productName = ExplorerTests;
			productReference = 04983ED02A3FB7F500E1F5EB /* ExplorerTests.xctest */;
			productType = "com.apple.product-type.bundle.unit-test";
		};
		04983ED92A3FB7F500E1F5EB /* ExplorerUITests */ = {
			isa = PBXNativeTarget;
			buildConfigurationList = 04983EEA2A3FB7F500E1F5EB /* Build configuration list for PBXNativeTarget "ExplorerUITests" */;
			buildPhases = (
				04983ED62A3FB7F500E1F5EB /* Sources */,
				04983ED72A3FB7F500E1F5EB /* Frameworks */,
				04983ED82A3FB7F500E1F5EB /* Resources */,
			);
			buildRules = (
			);
			dependencies = (
				04983EDC2A3FB7F500E1F5EB /* PBXTargetDependency */,
			);
			name = ExplorerUITests;
			productName = ExplorerUITests;
			productReference = 04983EDA2A3FB7F500E1F5EB /* ExplorerUITests.xctest */;
			productType = "com.apple.product-type.bundle.ui-testing";
		};
/* End PBXNativeTarget section */

/* Begin PBXProject section */
		04983EB52A3FB7F300E1F5EB /* Project object */ = {
			isa = PBXProject;
			attributes = {
				BuildIndependentTargetsInParallel = 1;
				LastSwiftUpdateCheck = 1500;
				LastUpgradeCheck = 1500;
				TargetAttributes = {
					04983EBC2A3FB7F300E1F5EB = {
						CreatedOnToolsVersion = 15.0;
					};
					04983ECF2A3FB7F500E1F5EB = {
						CreatedOnToolsVersion = 15.0;
						TestTargetID = 04983EBC2A3FB7F300E1F5EB;
					};
					04983ED92A3FB7F500E1F5EB = {
						CreatedOnToolsVersion = 15.0;
						TestTargetID = 04983EBC2A3FB7F300E1F5EB;
					};
				};
			};
			buildConfigurationList = 04983EB82A3FB7F300E1F5EB /* Build configuration list for PBXProject "Explorer" */;
			compatibilityVersion = "Xcode 14.0";
			developmentRegion = en;
			hasScannedForEncodings = 0;
			knownRegions = (
				en,
				Base,
			);
			mainGroup = 04983EB42A3FB7F300E1F5EB;
			productRefGroup = 04983EBE2A3FB7F300E1F5EB /* Products */;
			projectDirPath = "";
			projectRoot = "";
			targets = (
				04983EBC2A3FB7F300E1F5EB /* Explorer */,
				04983ECF2A3FB7F500E1F5EB /* ExplorerTests */,
				04983ED92A3FB7F500E1F5EB /* ExplorerUITests */,
			);
		};
/* End PBXProject section */

/* Begin PBXResourcesBuildPhase section */
		04983EBB2A3FB7F300E1F5EB /* Resources */ = {
			isa = PBXResourcesBuildPhase;
			buildActionMask = 2147483647;
			files = (
				04983ECB2A3FB7F500E1F5EB /* Preview Assets.xcassets in Resources */,
				04983EC72A3FB7F500E1F5EB /* Assets.xcassets in Resources */,
			);
			runOnlyForDeploymentPostprocessing = 0;
		};
		04983ECE2A3FB7F500E1F5EB /* Resources */ = {
			isa = PBXResourcesBuildPhase;
			buildActionMask = 2147483647;
			files = (
			);
			runOnlyForDeploymentPostprocessing = 0;
		};
		04983ED82A3FB7F500E1F5EB /* Resources */ = {
			isa = PBXResourcesBuildPhase;
			buildActionMask = 2147483647;
			files = (
			);
			runOnlyForDeploymentPostprocessing = 0;
		};
/* End PBXResourcesBuildPhase section */

/* Begin PBXSourcesBuildPhase section */
		04983EB92A3FB7F300E1F5EB /* Sources */ = {
			isa = PBXSourcesBuildPhase;
			buildActionMask = 2147483647;
			files = (
				04983EC32A3FB7F300E1F5EB /* Item.swift in Sources */,
				049FD4792A40EA8700C9AF4F /* MapView.swift in Sources */,
				04983EEF2A3FCEA200E1F5EB /* LocationListView.swift in Sources */,
				04983EC12A3FB7F300E1F5EB /* ExplorerApp.swift in Sources */,
				04983EC52A3FB7F300E1F5EB /* ContentView.swift in Sources */,
			);
			runOnlyForDeploymentPostprocessing = 0;
		};
		04983ECC2A3FB7F500E1F5EB /* Sources */ = {
			isa = PBXSourcesBuildPhase;
			buildActionMask = 2147483647;
			files = (
				04983ED52A3FB7F500E1F5EB /* ExplorerTests.swift in Sources */,
			);
			runOnlyForDeploymentPostprocessing = 0;
		};
		04983ED62A3FB7F500E1F5EB /* Sources */ = {
			isa = PBXSourcesBuildPhase;
			buildActionMask = 2147483647;
			files = (
				04983EE12A3FB7F500E1F5EB /* ExplorerUITestsLaunchTests.swift in Sources */,
				04983EDF2A3FB7F500E1F5EB /* ExplorerUITests.swift in Sources */,
			);
			runOnlyForDeploymentPostprocessing = 0;
		};
/* End PBXSourcesBuildPhase section */

/* Begin PBXTargetDependency section */
		04983ED22A3FB7F500E1F5EB /* PBXTargetDependency */ = {
			isa = PBXTargetDependency;
			target = 04983EBC2A3FB7F300E1F5EB /* Explorer */;
			targetProxy = 04983ED12A3FB7F500E1F5EB /* PBXContainerItemProxy */;
		};
		04983EDC2A3FB7F500E1F5EB /* PBXTargetDependency */ = {
			isa = PBXTargetDependency;
			target = 04983EBC2A3FB7F300E1F5EB /* Explorer */;
			targetProxy = 04983EDB2A3FB7F500E1F5EB /* PBXContainerItemProxy */;
		};
/* End PBXTargetDependency section */

/* Begin XCBuildConfiguration section */
		04983EE22A3FB7F500E1F5EB /* Debug */ = {
			isa = XCBuildConfiguration;
			buildSettings = {
				ALWAYS_SEARCH_USER_PATHS = NO;
				ASSETCATALOG_COMPILER_GENERATE_SWIFT_ASSET_SYMBOL_EXTENSIONS = YES;
				CLANG_ANALYZER_NONNULL = YES;
				CLANG_ANALYZER_NUMBER_OBJECT_CONVERSION = YES_AGGRESSIVE;
				CLANG_CXX_LANGUAGE_STANDARD = "gnu++20";
				CLANG_ENABLE_MODULES = YES;
				CLANG_ENABLE_OBJC_ARC = YES;
				CLANG_ENABLE_OBJC_WEAK = YES;
				CLANG_WARN_BLOCK_CAPTURE_AUTORELEASING = YES;
				CLANG_WARN_BOOL_CONVERSION = YES;
				CLANG_WARN_COMMA = YES;
				CLANG_WARN_CONSTANT_CONVERSION = YES;
				CLANG_WARN_DEPRECATED_OBJC_IMPLEMENTATIONS = YES;
				CLANG_WARN_DIRECT_OBJC_ISA_USAGE = YES_ERROR;
				CLANG_WARN_DOCUMENTATION_COMMENTS = YES;
				CLANG_WARN_EMPTY_BODY = YES;
				CLANG_WARN_ENUM_CONVERSION = YES;
				CLANG_WARN_INFINITE_RECURSION = YES;
				CLANG_WARN_INT_CONVERSION = YES;
				CLANG_WARN_NON_LITERAL_NULL_CONVERSION = YES;
				CLANG_WARN_OBJC_IMPLICIT_RETAIN_SELF = YES;
				CLANG_WARN_OBJC_LITERAL_CONVERSION = YES;
				CLANG_WARN_OBJC_ROOT_CLASS = YES_ERROR;
				CLANG_WARN_QUOTED_INCLUDE_IN_FRAMEWORK_HEADER = YES;
				CLANG_WARN_RANGE_LOOP_ANALYSIS = YES;
				CLANG_WARN_STRICT_PROTOTYPES = YES;
				CLANG_WARN_SUSPICIOUS_MOVE = YES;
				CLANG_WARN_UNGUARDED_AVAILABILITY = YES_AGGRESSIVE;
				CLANG_WARN_UNREACHABLE_CODE = YES;
				CLANG_WARN__DUPLICATE_METHOD_MATCH = YES;
				COPY_PHASE_STRIP = NO;
				DEBUG_INFORMATION_FORMAT = dwarf;
				ENABLE_STRICT_OBJC_MSGSEND = YES;
				ENABLE_TESTABILITY = YES;
				ENABLE_USER_SCRIPT_SANDBOXING = YES;
				GCC_C_LANGUAGE_STANDARD = gnu17;
				GCC_DYNAMIC_NO_PIC = NO;
				GCC_NO_COMMON_BLOCKS = YES;
				GCC_OPTIMIZATION_LEVEL = 0;
				GCC_PREPROCESSOR_DEFINITIONS = (
					"DEBUG=1",
					"$(inherited)",
				);
				GCC_WARN_64_TO_32_BIT_CONVERSION = YES;
				GCC_WARN_ABOUT_RETURN_TYPE = YES_ERROR;
				GCC_WARN_UNDECLARED_SELECTOR = YES;
				GCC_WARN_UNINITIALIZED_AUTOS = YES_AGGRESSIVE;
				GCC_WARN_UNUSED_FUNCTION = YES;
				GCC_WARN_UNUSED_VARIABLE = YES;
				LOCALIZATION_PREFERS_STRING_CATALOGS = YES;
				MTL_ENABLE_DEBUG_INFO = INCLUDE_SOURCE;
				MTL_FAST_MATH = YES;
				ONLY_ACTIVE_ARCH = YES;
				SWIFT_ACTIVE_COMPILATION_CONDITIONS = "DEBUG $(inherited)";
				SWIFT_OPTIMIZATION_LEVEL = "-Onone";
			};
			name = Debug;
		};
		04983EE32A3FB7F500E1F5EB /* Release */ = {
			isa = XCBuildConfiguration;
			buildSettings = {
				ALWAYS_SEARCH_USER_PATHS = NO;
				ASSETCATALOG_COMPILER_GENERATE_SWIFT_ASSET_SYMBOL_EXTENSIONS = YES;
				CLANG_ANALYZER_NONNULL = YES;
				CLANG_ANALYZER_NUMBER_OBJECT_CONVERSION = YES_AGGRESSIVE;
				CLANG_CXX_LANGUAGE_STANDARD = "gnu++20";
				CLANG_ENABLE_MODULES = YES;
				CLANG_ENABLE_OBJC_ARC = YES;
				CLANG_ENABLE_OBJC_WEAK = YES;
				CLANG_WARN_BLOCK_CAPTURE_AUTORELEASING = YES;
				CLANG_WARN_BOOL_CONVERSION = YES;
				CLANG_WARN_COMMA = YES;
				CLANG_WARN_CONSTANT_CONVERSION = YES;
				CLANG_WARN_DEPRECATED_OBJC_IMPLEMENTATIONS = YES;
				CLANG_WARN_DIRECT_OBJC_ISA_USAGE = YES_ERROR;
				CLANG_WARN_DOCUMENTATION_COMMENTS = YES;
				CLANG_WARN_EMPTY_BODY = YES;
				CLANG_WARN_ENUM_CONVERSION = YES;
				CLANG_WARN_INFINITE_RECURSION = YES;
				CLANG_WARN_INT_CONVERSION = YES;
				CLANG_WARN_NON_LITERAL_NULL_CONVERSION = YES;
				CLANG_WARN_OBJC_IMPLICIT_RETAIN_SELF = YES;
				CLANG_WARN_OBJC_LITERAL_CONVERSION = YES;
				CLANG_WARN_OBJC_ROOT_CLASS = YES_ERROR;
				CLANG_WARN_QUOTED_INCLUDE_IN_FRAMEWORK_HEADER = YES;
				CLANG_WARN_RANGE_LOOP_ANALYSIS = YES;
				CLANG_WARN_STRICT_PROTOTYPES = YES;
				CLANG_WARN_SUSPICIOUS_MOVE = YES;
				CLANG_WARN_UNGUARDED_AVAILABILITY = YES_AGGRESSIVE;
				CLANG_WARN_UNREACHABLE_CODE = YES;
				CLANG_WARN__DUPLICATE_METHOD_MATCH = YES;
				COPY_PHASE_STRIP = NO;
				DEBUG_INFORMATION_FORMAT = "dwarf-with-dsym";
				ENABLE_NS_ASSERTIONS = NO;
				ENABLE_STRICT_OBJC_MSGSEND = YES;
				ENABLE_USER_SCRIPT_SANDBOXING = YES;
				GCC_C_LANGUAGE_STANDARD = gnu17;
				GCC_NO_COMMON_BLOCKS = YES;
				GCC_WARN_64_TO_32_BIT_CONVERSION = YES;
				GCC_WARN_ABOUT_RETURN_TYPE = YES_ERROR;
				GCC_WARN_UNDECLARED_SELECTOR = YES;
				GCC_WARN_UNINITIALIZED_AUTOS = YES_AGGRESSIVE;
				GCC_WARN_UNUSED_FUNCTION = YES;
				GCC_WARN_UNUSED_VARIABLE = YES;
				LOCALIZATION_PREFERS_STRING_CATALOGS = YES;
				MTL_ENABLE_DEBUG_INFO = NO;
				MTL_FAST_MATH = YES;
				SWIFT_COMPILATION_MODE = wholemodule;
			};
			name = Release;
		};
		04983EE52A3FB7F500E1F5EB /* Debug */ = {
			isa = XCBuildConfiguration;
			buildSettings = {
				ASSETCATALOG_COMPILER_APPICON_NAME = AppIcon;
				ASSETCATALOG_COMPILER_GLOBAL_ACCENT_COLOR_NAME = AccentColor;
				CODE_SIGN_ENTITLEMENTS = Explorer/Explorer.entitlements;
				CODE_SIGN_STYLE = Automatic;
				CURRENT_PROJECT_VERSION = 1;
				DEVELOPMENT_ASSET_PATHS = "\"Explorer/Preview Content\"";
				DEVELOPMENT_TEAM = G2D5W96ZY7;
				ENABLE_HARDENED_RUNTIME = YES;
				"ENABLE_HARDENED_RUNTIME[sdk=macosx*]" = YES;
				ENABLE_PREVIEWS = YES;
				GENERATE_INFOPLIST_FILE = YES;
				INFOPLIST_FILE = Explorer/Info.plist;
				INFOPLIST_KEY_CFBundleDisplayName = "";
				INFOPLIST_KEY_LSApplicationCategoryType = "";
				INFOPLIST_KEY_NSLocationAlwaysAndWhenInUseUsageDescription = Hello;
				INFOPLIST_KEY_NSLocationWhenInUseUsageDescription = "";
				"INFOPLIST_KEY_UIApplicationSceneManifest_Generation[sdk=iphoneos*]" = YES;
				"INFOPLIST_KEY_UIApplicationSceneManifest_Generation[sdk=iphonesimulator*]" = YES;
				"INFOPLIST_KEY_UIApplicationSupportsIndirectInputEvents[sdk=iphoneos*]" = YES;
				"INFOPLIST_KEY_UIApplicationSupportsIndirectInputEvents[sdk=iphonesimulator*]" = YES;
				"INFOPLIST_KEY_UILaunchScreen_Generation[sdk=iphoneos*]" = YES;
				"INFOPLIST_KEY_UILaunchScreen_Generation[sdk=iphonesimulator*]" = YES;
				"INFOPLIST_KEY_UIStatusBarStyle[sdk=iphoneos*]" = UIStatusBarStyleDefault;
				"INFOPLIST_KEY_UIStatusBarStyle[sdk=iphonesimulator*]" = UIStatusBarStyleDefault;
				INFOPLIST_KEY_UISupportedInterfaceOrientations_iPad = "UIInterfaceOrientationPortrait UIInterfaceOrientationPortraitUpsideDown UIInterfaceOrientationLandscapeLeft UIInterfaceOrientationLandscapeRight";
				INFOPLIST_KEY_UISupportedInterfaceOrientations_iPhone = "UIInterfaceOrientationPortrait UIInterfaceOrientationLandscapeLeft UIInterfaceOrientationLandscapeRight";
				IPHONEOS_DEPLOYMENT_TARGET = 17.0;
				LD_RUNPATH_SEARCH_PATHS = "@executable_path/Frameworks";
				"LD_RUNPATH_SEARCH_PATHS[sdk=macosx*]" = "@executable_path/../Frameworks";
				MACOSX_DEPLOYMENT_TARGET = 14.0;
				MARKETING_VERSION = 1.0;
				PRODUCT_BUNDLE_IDENTIFIER = uk.jw3.Explorer;
				PRODUCT_NAME = "$(TARGET_NAME)";
				SDKROOT = auto;
				SUPPORTED_PLATFORMS = "iphoneos iphonesimulator macosx";
				SWIFT_EMIT_LOC_STRINGS = YES;
				SWIFT_VERSION = 5.0;
				TARGETED_DEVICE_FAMILY = "1,2";
			};
			name = Debug;
		};
		04983EE62A3FB7F500E1F5EB /* Release */ = {
			isa = XCBuildConfiguration;
			buildSettings = {
				ASSETCATALOG_COMPILER_APPICON_NAME = AppIcon;
				ASSETCATALOG_COMPILER_GLOBAL_ACCENT_COLOR_NAME = AccentColor;
				CODE_SIGN_ENTITLEMENTS = Explorer/Explorer.entitlements;
				CODE_SIGN_STYLE = Automatic;
				CURRENT_PROJECT_VERSION = 1;
				DEVELOPMENT_ASSET_PATHS = "\"Explorer/Preview Content\"";
				DEVELOPMENT_TEAM = G2D5W96ZY7;
				ENABLE_HARDENED_RUNTIME = YES;
				"ENABLE_HARDENED_RUNTIME[sdk=macosx*]" = YES;
				ENABLE_PREVIEWS = YES;
				GENERATE_INFOPLIST_FILE = YES;
				INFOPLIST_FILE = Explorer/Info.plist;
				INFOPLIST_KEY_CFBundleDisplayName = "";
				INFOPLIST_KEY_LSApplicationCategoryType = "";
				INFOPLIST_KEY_NSLocationAlwaysAndWhenInUseUsageDescription = Hello;
				INFOPLIST_KEY_NSLocationWhenInUseUsageDescription = "";
				"INFOPLIST_KEY_UIApplicationSceneManifest_Generation[sdk=iphoneos*]" = YES;
				"INFOPLIST_KEY_UIApplicationSceneManifest_Generation[sdk=iphonesimulator*]" = YES;
				"INFOPLIST_KEY_UIApplicationSupportsIndirectInputEvents[sdk=iphoneos*]" = YES;
				"INFOPLIST_KEY_UIApplicationSupportsIndirectInputEvents[sdk=iphonesimulator*]" = YES;
				"INFOPLIST_KEY_UILaunchScreen_Generation[sdk=iphoneos*]" = YES;
				"INFOPLIST_KEY_UILaunchScreen_Generation[sdk=iphonesimulator*]" = YES;
				"INFOPLIST_KEY_UIStatusBarStyle[sdk=iphoneos*]" = UIStatusBarStyleDefault;
				"INFOPLIST_KEY_UIStatusBarStyle[sdk=iphonesimulator*]" = UIStatusBarStyleDefault;
				INFOPLIST_KEY_UISupportedInterfaceOrientations_iPad = "UIInterfaceOrientationPortrait UIInterfaceOrientationPortraitUpsideDown UIInterfaceOrientationLandscapeLeft UIInterfaceOrientationLandscapeRight";
				INFOPLIST_KEY_UISupportedInterfaceOrientations_iPhone = "UIInterfaceOrientationPortrait UIInterfaceOrientationLandscapeLeft UIInterfaceOrientationLandscapeRight";
				IPHONEOS_DEPLOYMENT_TARGET = 17.0;
				LD_RUNPATH_SEARCH_PATHS = "@executable_path/Frameworks";
				"LD_RUNPATH_SEARCH_PATHS[sdk=macosx*]" = "@executable_path/../Frameworks";
				MACOSX_DEPLOYMENT_TARGET = 14.0;
				MARKETING_VERSION = 1.0;
				PRODUCT_BUNDLE_IDENTIFIER = uk.jw3.Explorer;
				PRODUCT_NAME = "$(TARGET_NAME)";
				SDKROOT = auto;
				SUPPORTED_PLATFORMS = "iphoneos iphonesimulator macosx";
				SWIFT_EMIT_LOC_STRINGS = YES;
				SWIFT_VERSION = 5.0;
				TARGETED_DEVICE_FAMILY = "1,2";
			};
			name = Release;
		};
		04983EE82A3FB7F500E1F5EB /* Debug */ = {
			isa = XCBuildConfiguration;
			buildSettings = {
				ALWAYS_EMBED_SWIFT_STANDARD_LIBRARIES = YES;
				BUNDLE_LOADER = "$(TEST_HOST)";
				CODE_SIGN_STYLE = Automatic;
				CURRENT_PROJECT_VERSION = 1;
				DEVELOPMENT_TEAM = G2D5W96ZY7;
				GENERATE_INFOPLIST_FILE = YES;
				IPHONEOS_DEPLOYMENT_TARGET = 17.0;
				MACOSX_DEPLOYMENT_TARGET = 14.0;
				MARKETING_VERSION = 1.0;
				PRODUCT_BUNDLE_IDENTIFIER = uk.jw3.ExplorerTests;
				PRODUCT_NAME = "$(TARGET_NAME)";
				SDKROOT = auto;
				SUPPORTED_PLATFORMS = "iphoneos iphonesimulator macosx";
				SWIFT_EMIT_LOC_STRINGS = NO;
				SWIFT_VERSION = 5.0;
				TARGETED_DEVICE_FAMILY = "1,2";
				TEST_HOST = "$(BUILT_PRODUCTS_DIR)/Explorer.app/$(BUNDLE_EXECUTABLE_FOLDER_PATH)/Explorer";
			};
			name = Debug;
		};
		04983EE92A3FB7F500E1F5EB /* Release */ = {
			isa = XCBuildConfiguration;
			buildSettings = {
				ALWAYS_EMBED_SWIFT_STANDARD_LIBRARIES = YES;
				BUNDLE_LOADER = "$(TEST_HOST)";
				CODE_SIGN_STYLE = Automatic;
				CURRENT_PROJECT_VERSION = 1;
				DEVELOPMENT_TEAM = G2D5W96ZY7;
				GENERATE_INFOPLIST_FILE = YES;
				IPHONEOS_DEPLOYMENT_TARGET = 17.0;
				MACOSX_DEPLOYMENT_TARGET = 14.0;
				MARKETING_VERSION = 1.0;
				PRODUCT_BUNDLE_IDENTIFIER = uk.jw3.ExplorerTests;
				PRODUCT_NAME = "$(TARGET_NAME)";
				SDKROOT = auto;
				SUPPORTED_PLATFORMS = "iphoneos iphonesimulator macosx";
				SWIFT_EMIT_LOC_STRINGS = NO;
				SWIFT_VERSION = 5.0;
				TARGETED_DEVICE_FAMILY = "1,2";
				TEST_HOST = "$(BUILT_PRODUCTS_DIR)/Explorer.app/$(BUNDLE_EXECUTABLE_FOLDER_PATH)/Explorer";
			};
			name = Release;
		};
		04983EEB2A3FB7F500E1F5EB /* Debug */ = {
			isa = XCBuildConfiguration;
			buildSettings = {
				ALWAYS_EMBED_SWIFT_STANDARD_LIBRARIES = YES;
				CODE_SIGN_STYLE = Automatic;
				CURRENT_PROJECT_VERSION = 1;
				DEVELOPMENT_TEAM = G2D5W96ZY7;
				GENERATE_INFOPLIST_FILE = YES;
				IPHONEOS_DEPLOYMENT_TARGET = 17.0;
				MACOSX_DEPLOYMENT_TARGET = 14.0;
				MARKETING_VERSION = 1.0;
				PRODUCT_BUNDLE_IDENTIFIER = uk.jw3.ExplorerUITests;
				PRODUCT_NAME = "$(TARGET_NAME)";
				SDKROOT = auto;
				SUPPORTED_PLATFORMS = "iphoneos iphonesimulator macosx";
				SWIFT_EMIT_LOC_STRINGS = NO;
				SWIFT_VERSION = 5.0;
				TARGETED_DEVICE_FAMILY = "1,2";
				TEST_TARGET_NAME = Explorer;
			};
			name = Debug;
		};
		04983EEC2A3FB7F500E1F5EB /* Release */ = {
			isa = XCBuildConfiguration;
			buildSettings = {
				ALWAYS_EMBED_SWIFT_STANDARD_LIBRARIES = YES;
				CODE_SIGN_STYLE = Automatic;
				CURRENT_PROJECT_VERSION = 1;
				DEVELOPMENT_TEAM = G2D5W96ZY7;
				GENERATE_INFOPLIST_FILE = YES;
				IPHONEOS_DEPLOYMENT_TARGET = 17.0;
				MACOSX_DEPLOYMENT_TARGET = 14.0;
				MARKETING_VERSION = 1.0;
				PRODUCT_BUNDLE_IDENTIFIER = uk.jw3.ExplorerUITests;
				PRODUCT_NAME = "$(TARGET_NAME)";
				SDKROOT = auto;
				SUPPORTED_PLATFORMS = "iphoneos iphonesimulator macosx";
				SWIFT_EMIT_LOC_STRINGS = NO;
				SWIFT_VERSION = 5.0;
				TARGETED_DEVICE_FAMILY = "1,2";
				TEST_TARGET_NAME = Explorer;
			};
			name = Release;
		};
/* End XCBuildConfiguration section */

/* Begin XCConfigurationList section */
		04983EB82A3FB7F300E1F5EB /* Build configuration list for PBXProject "Explorer" */ = {
			isa = XCConfigurationList;
			buildConfigurations = (
				04983EE22A3FB7F500E1F5EB /* Debug */,
				04983EE32A3FB7F500E1F5EB /* Release */,
			);
			defaultConfigurationIsVisible = 0;
			defaultConfigurationName = Release;
		};
		04983EE42A3FB7F500E1F5EB /* Build configuration list for PBXNativeTarget "Explorer" */ = {
			isa = XCConfigurationList;
			buildConfigurations = (
				04983EE52A3FB7F500E1F5EB /* Debug */,
				04983EE62A3FB7F500E1F5EB /* Release */,
			);
			defaultConfigurationIsVisible = 0;
			defaultConfigurationName = Release;
		};
		04983EE72A3FB7F500E1F5EB /* Build configuration list for PBXNativeTarget "ExplorerTests" */ = {
			isa = XCConfigurationList;
			buildConfigurations = (
				04983EE82A3FB7F500E1F5EB /* Debug */,
				04983EE92A3FB7F500E1F5EB /* Release */,
			);
			defaultConfigurationIsVisible = 0;
			defaultConfigurationName = Release;
		};
		04983EEA2A3FB7F500E1F5EB /* Build configuration list for PBXNativeTarget "ExplorerUITests" */ = {
			isa = XCConfigurationList;
			buildConfigurations = (
				04983EEB2A3FB7F500E1F5EB /* Debug */,
				04983EEC2A3FB7F500E1F5EB /* Release */,
			);
			defaultConfigurationIsVisible = 0;
			defaultConfigurationName = Release;
		};
/* End XCConfigurationList section */
	};
	rootObject = 04983EB52A3FB7F300E1F5EB /* Project object */;
}
